
Microsoft Visual Studio Solution File, Format Version 12.00
# Visual Studio Version 17
VisualStudioVersion = 17.11.35327.3
MinimumVisualStudioVersion = 10.0.40219.1
Project("{FAE04EC0-301F-11D3-BF4B-00C04F79EFBC}") = "Materi 28", "Materi 28.csproj", "{58685077-4BE5-4C11-84C7-EA11A6014894}"
EndProject
Global
	GlobalSection(SolutionConfigurationPlatforms) = preSolution
		Debug|Any CPU = Debug|Any CPU
		Release|Any CPU = Release|Any CPU
	EndGlobalSection
	GlobalSection(ProjectConfigurationPlatforms) = postSolution
		{58685077-4BE5-4C11-84C7-EA11A6014894}.Debug|Any CPU.ActiveCfg = Debug|Any CPU
		{58685077-4BE5-4C11-84C7-EA11A6014894}.Debug|Any CPU.Build.0 = Debug|Any CPU
		{58685077-4BE5-4C11-84C7-EA11A6014894}.Release|Any CPU.ActiveCfg = Release|Any CPU
		{58685077-4BE5-4C11-84C7-EA11A6014894}.Release|Any CPU.Build.0 = Release|Any CPU
	EndGlobalSection
	GlobalSection(SolutionProperties) = preSolution
		HideSolutionNode = FALSE
	EndGlobalSection
	GlobalSection(ExtensibilityGlobals) = postSolution
		SolutionGuid = {593223AE-FB75-4510-ADCF-4840A04F8CD4}
	EndGlobalSection
EndGlobal
